
Microsoft Visual Studio Solution File, Format Version 11.00
# Visual Studio 2010
Project("{8BC9CEB8-8B4A-11D0-8D11-00A0C91BC942}") = "MSCV_v100_ModernCppFeatures", "MSCV_v100_ModernCppFeatures\MSCV_v100_ModernCppFeatures.vcxproj", "{AC4E5359-6961-4C34-AEE3-F2B4F646FF0C}"
EndProject
Global
	GlobalSection(SolutionConfigurationPlatforms) = preSolution
		Debug|Win32 = Debug|Win32
		Release|Win32 = Release|Win32
	EndGlobalSection
	GlobalSection(ProjectConfigurationPlatforms) = postSolution
		{AC4E5359-6961-4C34-AEE3-F2B4F646FF0C}.Debug|Win32.ActiveCfg = Debug|Win32
		{AC4E5359-6961-4C34-AEE3-F2B4F646FF0C}.Debug|Win32.Build.0 = Debug|Win32
		{AC4E5359-6961-4C34-AEE3-F2B4F646FF0C}.Release|Win32.ActiveCfg = Release|Win32
		{AC4E5359-6961-4C34-AEE3-F2B4F646FF0C}.Release|Win32.Build.0 = Release|Win32
	EndGlobalSection
	GlobalSection(SolutionProperties) = preSolution
		HideSolutionNode = FALSE
	EndGlobalSection
EndGlobal
